
Microsoft Visual Studio Solution File, Format Version 12.00
# Visual Studio 15
VisualStudioVersion = 15.0.27428.2015
MinimumVisualStudioVersion = 10.0.40219.1
Project("{FAE04EC0-301F-11D3-BF4B-00C04F79EFBC}") = "Library", "Library\Library.csproj", "{62121C15-858F-4926-90CD-E611000C5DCC}"
EndProject
Project("{FAE04EC0-301F-11D3-BF4B-00C04F79EFBC}") = "TestLibrary", "TestLibrary\TestLibrary.csproj", "{FC9ED35F-4753-4D73-A029-1D4DFAC35486}"
EndProject
Project("{FAE04EC0-301F-11D3-BF4B-00C04F79EFBC}") = "App", "App\App.csproj", "{F32539F3-BCDA-403B-9B7C-8DA5D8FD8592}"
EndProject
Global
	GlobalSection(SolutionConfigurationPlatforms) = preSolution
		Debug|Any CPU = Debug|Any CPU
		Release|Any CPU = Release|Any CPU
	EndGlobalSection
	GlobalSection(ProjectConfigurationPlatforms) = postSolution
		{62121C15-858F-4926-90CD-E611000C5DCC}.Debug|Any CPU.ActiveCfg = Debug|Any CPU
		{62121C15-858F-4926-90CD-E611000C5DCC}.Debug|Any CPU.Build.0 = Debug|Any CPU
		{62121C15-858F-4926-90CD-E611000C5DCC}.Release|Any CPU.ActiveCfg = Release|Any CPU
		{62121C15-858F-4926-90CD-E611000C5DCC}.Release|Any CPU.Build.0 = Release|Any CPU
		{FC9ED35F-4753-4D73-A029-1D4DFAC35486}.Debug|Any CPU.ActiveCfg = Debug|Any CPU
		{FC9ED35F-4753-4D73-A029-1D4DFAC35486}.Debug|Any CPU.Build.0 = Debug|Any CPU
		{FC9ED35F-4753-4D73-A029-1D4DFAC35486}.Release|Any CPU.ActiveCfg = Release|Any CPU
		{FC9ED35F-4753-4D73-A029-1D4DFAC35486}.Release|Any CPU.Build.0 = Release|Any CPU
		{F32539F3-BCDA-403B-9B7C-8DA5D8FD8592}.Debug|Any CPU.ActiveCfg = Debug|Any CPU
		{F32539F3-BCDA-403B-9B7C-8DA5D8FD8592}.Debug|Any CPU.Build.0 = Debug|Any CPU
		{F32539F3-BCDA-403B-9B7C-8DA5D8FD8592}.Release|Any CPU.ActiveCfg = Release|Any CPU
		{F32539F3-BCDA-403B-9B7C-8DA5D8FD8592}.Release|Any CPU.Build.0 = Release|Any CPU
	EndGlobalSection
	GlobalSection(SolutionProperties) = preSolution
		HideSolutionNode = FALSE
	EndGlobalSection
	GlobalSection(ExtensibilityGlobals) = postSolution
		SolutionGuid = {F2F836AB-629C-4F4E-94EC-E69922A28DFB}
	EndGlobalSection
EndGlobal
