Microsoft Visual Studio Solution File, Format Version 12.00
# Visual Studio 15
VisualStudioVersion = 15.0.27703.2042
MinimumVisualStudioVersion = 10.0.40219.1
Project("{FAE04EC0-301F-11D3-BF4B-00C04F79EFBC}") = "FabrikamFiber.Web", "FabrikamFiber.Web\FabrikamFiber.Web.csproj", "{456D6BF0-21B0-4995-9D77-76FA13AD95DA}"
EndProject
Project("{FAE04EC0-301F-11D3-BF4B-00C04F79EFBC}") = "FabrikamFiber.DAL", "FabrikamFiber.DAL\FabrikamFiber.DAL.csproj", "{64058BA2-30B8-4A35-8D4C-CB4F6D6D7442}"
EndProject
Project("{A07B5EB6-E848-4116-A8D0-A826331D98C6}") = "FabrikamFiber.CallCenterApplication", "FabrikamFiber.CallCenterApplication\FabrikamFiber.CallCenterApplication.sfproj", "{3A7926BE-3C14-4478-B862-B7C9ED38BD4F}"
EndProject
Global
	GlobalSection(SolutionConfigurationPlatforms) = preSolution
		Debug|Any CPU = Debug|Any CPU
		Debug|x64 = Debug|x64
		Release|Any CPU = Release|Any CPU
		Release|x64 = Release|x64
	EndGlobalSection
	GlobalSection(ProjectConfigurationPlatforms) = postSolution
		{456D6BF0-21B0-4995-9D77-76FA13AD95DA}.Debug|Any CPU.ActiveCfg = Debug|Any CPU
		{456D6BF0-21B0-4995-9D77-76FA13AD95DA}.Debug|Any CPU.Build.0 = Debug|Any CPU
		{456D6BF0-21B0-4995-9D77-76FA13AD95DA}.Debug|x64.ActiveCfg = Debug|Any CPU
		{456D6BF0-21B0-4995-9D77-76FA13AD95DA}.Debug|x64.Build.0 = Debug|Any CPU
		{456D6BF0-21B0-4995-9D77-76FA13AD95DA}.Release|Any CPU.ActiveCfg = Release|Any CPU
		{456D6BF0-21B0-4995-9D77-76FA13AD95DA}.Release|Any CPU.Build.0 = Release|Any CPU
		{456D6BF0-21B0-4995-9D77-76FA13AD95DA}.Release|x64.ActiveCfg = Release|Any CPU
		{456D6BF0-21B0-4995-9D77-76FA13AD95DA}.Release|x64.Build.0 = Release|Any CPU
		{64058BA2-30B8-4A35-8D4C-CB4F6D6D7442}.Debug|Any CPU.ActiveCfg = Debug|Any CPU
		{64058BA2-30B8-4A35-8D4C-CB4F6D6D7442}.Debug|Any CPU.Build.0 = Debug|Any CPU
		{64058BA2-30B8-4A35-8D4C-CB4F6D6D7442}.Debug|x64.ActiveCfg = Debug|Any CPU
		{64058BA2-30B8-4A35-8D4C-CB4F6D6D7442}.Debug|x64.Build.0 = Debug|Any CPU
		{64058BA2-30B8-4A35-8D4C-CB4F6D6D7442}.Release|Any CPU.ActiveCfg = Release|Any CPU
		{64058BA2-30B8-4A35-8D4C-CB4F6D6D7442}.Release|Any CPU.Build.0 = Release|Any CPU
		{64058BA2-30B8-4A35-8D4C-CB4F6D6D7442}.Release|x64.ActiveCfg = Release|Any CPU
		{64058BA2-30B8-4A35-8D4C-CB4F6D6D7442}.Release|x64.Build.0 = Release|Any CPU
		{3A7926BE-3C14-4478-B862-B7C9ED38BD4F}.Debug|Any CPU.ActiveCfg = Debug|x64
		{3A7926BE-3C14-4478-B862-B7C9ED38BD4F}.Debug|x64.ActiveCfg = Debug|x64
		{3A7926BE-3C14-4478-B862-B7C9ED38BD4F}.Debug|x64.Build.0 = Debug|x64
		{3A7926BE-3C14-4478-B862-B7C9ED38BD4F}.Debug|x64.Deploy.0 = Debug|x64
		{3A7926BE-3C14-4478-B862-B7C9ED38BD4F}.Release|Any CPU.ActiveCfg = Release|x64
		{3A7926BE-3C14-4478-B862-B7C9ED38BD4F}.Release|x64.ActiveCfg = Release|x64
		{3A7926BE-3C14-4478-B862-B7C9ED38BD4F}.Release|x64.Build.0 = Release|x64
		{3A7926BE-3C14-4478-B862-B7C9ED38BD4F}.Release|x64.Deploy.0 = Release|x64
	EndGlobalSection
	GlobalSection(SolutionProperties) = preSolution
		HideSolutionNode = FALSE
	EndGlobalSection
	GlobalSection(ExtensibilityGlobals) = postSolution
		SolutionGuid = {7A3B143B-A5DF-4B3A-A212-43DF92ED2555}
	EndGlobalSection
EndGlobal
