
Microsoft Visual Studio Solution File, Format Version 12.00
# Visual Studio 15
VisualStudioVersion = 15.0.27703.2042
MinimumVisualStudioVersion = 10.0.40219.1
Project("{FAE04EC0-301F-11D3-BF4B-00C04F79EFBC}") = "EFGetStarted.AspNetCore.ExistingDb", "EFGetStarted.AspNetCore.ExistingDb\EFGetStarted.AspNetCore.ExistingDb.csproj", "{1BC6A1A7-E34A-49E1-84B8-DA0A17F80325}"
EndProject
Global
	GlobalSection(SolutionConfigurationPlatforms) = preSolution
		Debug|Any CPU = Debug|Any CPU
		Release|Any CPU = Release|Any CPU
	EndGlobalSection
	GlobalSection(ProjectConfigurationPlatforms) = postSolution
		{1BC6A1A7-E34A-49E1-84B8-DA0A17F80325}.Debug|Any CPU.ActiveCfg = Debug|Any CPU
		{1BC6A1A7-E34A-49E1-84B8-DA0A17F80325}.Debug|Any CPU.Build.0 = Debug|Any CPU
		{1BC6A1A7-E34A-49E1-84B8-DA0A17F80325}.Release|Any CPU.ActiveCfg = Release|Any CPU
		{1BC6A1A7-E34A-49E1-84B8-DA0A17F80325}.Release|Any CPU.Build.0 = Release|Any CPU
	EndGlobalSection
	GlobalSection(SolutionProperties) = preSolution
		HideSolutionNode = FALSE
	EndGlobalSection
	GlobalSection(ExtensibilityGlobals) = postSolution
		SolutionGuid = {17964277-FD61-461C-91BC-14F70757D04D}
	EndGlobalSection
EndGlobal
